// !$*UTF8*$!
{
	archiveVersion = 1;
	classes = {
	};
	objectVersion = 46;
	objects = {

/* Begin PBXBuildFile section */
<<<<<<< HEAD
		1CEE559829D349B2EB35466C /* libPods-PhotoTravel.a in Frameworks */ = {isa = PBXBuildFile; fileRef = CF52D6019749EBCF1E1BDDF4 /* libPods-PhotoTravel.a */; };
		F82FBE601A0ABE560055314A /* Icon.png in Resources */ = {isa = PBXBuildFile; fileRef = F82FBE5B1A0ABE560055314A /* Icon.png */; };
		F82FBE611A0ABE560055314A /* Icon@2x.png in Resources */ = {isa = PBXBuildFile; fileRef = F82FBE5C1A0ABE560055314A /* Icon@2x.png */; };
		F82FBE621A0ABE560055314A /* logo.png in Resources */ = {isa = PBXBuildFile; fileRef = F82FBE5D1A0ABE560055314A /* logo.png */; };
		F82FBE631A0ABE560055314A /* welcome.jpg in Resources */ = {isa = PBXBuildFile; fileRef = F82FBE5E1A0ABE560055314A /* welcome.jpg */; };
		F82FBE641A0ABE560055314A /* welcome.png in Resources */ = {isa = PBXBuildFile; fileRef = F82FBE5F1A0ABE560055314A /* welcome.png */; };
		F887035F1A085E96004E0167 /* Info.plist in Resources */ = {isa = PBXBuildFile; fileRef = F887035D1A085E96004E0167 /* Info.plist */; };
=======
		91C453F11A09B386006BF8FB /* LoginViewController.m in Sources */ = {isa = PBXBuildFile; fileRef = 91C453EE1A09B386006BF8FB /* LoginViewController.m */; };
		91C453F21A09B386006BF8FB /* UserDetailsViewController.m in Sources */ = {isa = PBXBuildFile; fileRef = 91C453F01A09B386006BF8FB /* UserDetailsViewController.m */; };
		91C453F71A09B837006BF8FB /* FacebookSDK.framework in Frameworks */ = {isa = PBXBuildFile; fileRef = 91C453F61A09B837006BF8FB /* FacebookSDK.framework */; };
		91C453FB1A09B84C006BF8FB /* Bolts.framework in Frameworks */ = {isa = PBXBuildFile; fileRef = 91C453F81A09B84C006BF8FB /* Bolts.framework */; };
		91C453FC1A09B84C006BF8FB /* Parse.framework in Frameworks */ = {isa = PBXBuildFile; fileRef = 91C453F91A09B84C006BF8FB /* Parse.framework */; };
		91C453FD1A09B84C006BF8FB /* ParseFacebookUtils.framework in Frameworks */ = {isa = PBXBuildFile; fileRef = 91C453FA1A09B84C006BF8FB /* ParseFacebookUtils.framework */; };
		91C4540D1A09BF55006BF8FB /* Default-568h@2x.png in Resources */ = {isa = PBXBuildFile; fileRef = 91C454021A09BF54006BF8FB /* Default-568h@2x.png */; };
		91C4540E1A09BF55006BF8FB /* Default.png in Resources */ = {isa = PBXBuildFile; fileRef = 91C454031A09BF54006BF8FB /* Default.png */; };
		91C4540F1A09BF55006BF8FB /* Default@2x.png in Resources */ = {isa = PBXBuildFile; fileRef = 91C454041A09BF54006BF8FB /* Default@2x.png */; };
		91C454101A09BF55006BF8FB /* Icon.png in Resources */ = {isa = PBXBuildFile; fileRef = 91C454051A09BF54006BF8FB /* Icon.png */; };
		91C454111A09BF55006BF8FB /* Icon@2x.png in Resources */ = {isa = PBXBuildFile; fileRef = 91C454061A09BF54006BF8FB /* Icon@2x.png */; };
		91C454121A09BF55006BF8FB /* login-button-small-pressed.png in Resources */ = {isa = PBXBuildFile; fileRef = 91C454071A09BF54006BF8FB /* login-button-small-pressed.png */; };
		91C454131A09BF55006BF8FB /* login-button-small-pressed@2x.png in Resources */ = {isa = PBXBuildFile; fileRef = 91C454081A09BF54006BF8FB /* login-button-small-pressed@2x.png */; };
		91C454141A09BF55006BF8FB /* login-button-small.png in Resources */ = {isa = PBXBuildFile; fileRef = 91C454091A09BF54006BF8FB /* login-button-small.png */; };
		91C454151A09BF55006BF8FB /* login-button-small@2x.png in Resources */ = {isa = PBXBuildFile; fileRef = 91C4540A1A09BF55006BF8FB /* login-button-small@2x.png */; };
		91C454161A09BF55006BF8FB /* LoginViewController.xib in Resources */ = {isa = PBXBuildFile; fileRef = 91C4540B1A09BF55006BF8FB /* LoginViewController.xib */; };
		91C454171A09BF55006BF8FB /* TableHeaderView.xib in Resources */ = {isa = PBXBuildFile; fileRef = 91C4540C1A09BF55006BF8FB /* TableHeaderView.xib */; };
		91C454191A09C0FD006BF8FB /* CoreGraphics.framework in Frameworks */ = {isa = PBXBuildFile; fileRef = 91C454181A09C0FD006BF8FB /* CoreGraphics.framework */; };
		91C4541B1A09C11C006BF8FB /* CFNetwork.framework in Frameworks */ = {isa = PBXBuildFile; fileRef = 91C4541A1A09C11C006BF8FB /* CFNetwork.framework */; };
		91C4541D1A09C15F006BF8FB /* SystemConfiguration.framework in Frameworks */ = {isa = PBXBuildFile; fileRef = 91C4541C1A09C15F006BF8FB /* SystemConfiguration.framework */; };
		91C4541F1A09C1B4006BF8FB /* StoreKit.framework in Frameworks */ = {isa = PBXBuildFile; fileRef = 91C4541E1A09C1B4006BF8FB /* StoreKit.framework */; };
		91C454211A09C1BE006BF8FB /* CoreLocation.framework in Frameworks */ = {isa = PBXBuildFile; fileRef = 91C454201A09C1BE006BF8FB /* CoreLocation.framework */; };
		91C454231A09C1C9006BF8FB /* libz.dylib in Frameworks */ = {isa = PBXBuildFile; fileRef = 91C454221A09C1C9006BF8FB /* libz.dylib */; };
		91C454251A09C1D6006BF8FB /* AudioToolbox.framework in Frameworks */ = {isa = PBXBuildFile; fileRef = 91C454241A09C1D6006BF8FB /* AudioToolbox.framework */; };
		91C454271A09C21E006BF8FB /* MobileCoreServices.framework in Frameworks */ = {isa = PBXBuildFile; fileRef = 91C454261A09C21E006BF8FB /* MobileCoreServices.framework */; };
		91C454291A09C231006BF8FB /* UIKit.framework in Frameworks */ = {isa = PBXBuildFile; fileRef = 91C454281A09C231006BF8FB /* UIKit.framework */; };
		91C4542B1A09C240006BF8FB /* Foundation.framework in Frameworks */ = {isa = PBXBuildFile; fileRef = 91C4542A1A09C23F006BF8FB /* Foundation.framework */; };
>>>>>>> FETCH_HEAD
		F8A360441A06F9A6001B6E9B /* main.m in Sources */ = {isa = PBXBuildFile; fileRef = F8A360431A06F9A6001B6E9B /* main.m */; };
		F8A360471A06F9A6001B6E9B /* AppDelegate.m in Sources */ = {isa = PBXBuildFile; fileRef = F8A360461A06F9A6001B6E9B /* AppDelegate.m */; };
		F8A360501A06F9A6001B6E9B /* Main.storyboard in Resources */ = {isa = PBXBuildFile; fileRef = F8A3604E1A06F9A6001B6E9B /* Main.storyboard */; };
		F8A360521A06F9A6001B6E9B /* Images.xcassets in Resources */ = {isa = PBXBuildFile; fileRef = F8A360511A06F9A6001B6E9B /* Images.xcassets */; };
		F8A360551A06F9A6001B6E9B /* LaunchScreen.xib in Resources */ = {isa = PBXBuildFile; fileRef = F8A360531A06F9A6001B6E9B /* LaunchScreen.xib */; };
		F8A360711A071392001B6E9B /* MainViewController.m in Sources */ = {isa = PBXBuildFile; fileRef = F8A360701A071392001B6E9B /* MainViewController.m */; };
		F8AE8FA51A0A6DEB00774FB7 /* LoginViewController.m in Sources */ = {isa = PBXBuildFile; fileRef = F8AE8FA41A0A6DEB00774FB7 /* LoginViewController.m */; };
/* End PBXBuildFile section */

/* Begin PBXContainerItemProxy section */
		F8A3605B1A06F9A6001B6E9B /* PBXContainerItemProxy */ = {
			isa = PBXContainerItemProxy;
			containerPortal = F8A360361A06F9A6001B6E9B /* Project object */;
			proxyType = 1;
			remoteGlobalIDString = F8A3603D1A06F9A6001B6E9B;
			remoteInfo = PhotoTravel;
		};
/* End PBXContainerItemProxy section */

/* Begin PBXFileReference section */
<<<<<<< HEAD
		C4697E2A906A2BA02D49E691 /* Pods-PhotoTravel.release.xcconfig */ = {isa = PBXFileReference; includeInIndex = 1; lastKnownFileType = text.xcconfig; name = "Pods-PhotoTravel.release.xcconfig"; path = "Pods/Target Support Files/Pods-PhotoTravel/Pods-PhotoTravel.release.xcconfig"; sourceTree = "<group>"; };
		CB3E22116C74526DBBB557CF /* Pods-PhotoTravel.debug.xcconfig */ = {isa = PBXFileReference; includeInIndex = 1; lastKnownFileType = text.xcconfig; name = "Pods-PhotoTravel.debug.xcconfig"; path = "Pods/Target Support Files/Pods-PhotoTravel/Pods-PhotoTravel.debug.xcconfig"; sourceTree = "<group>"; };
		CF52D6019749EBCF1E1BDDF4 /* libPods-PhotoTravel.a */ = {isa = PBXFileReference; explicitFileType = archive.ar; includeInIndex = 0; path = "libPods-PhotoTravel.a"; sourceTree = BUILT_PRODUCTS_DIR; };
		F82FBE5B1A0ABE560055314A /* Icon.png */ = {isa = PBXFileReference; lastKnownFileType = image.png; name = Icon.png; path = Resources/Icon.png; sourceTree = "<group>"; };
		F82FBE5C1A0ABE560055314A /* Icon@2x.png */ = {isa = PBXFileReference; lastKnownFileType = image.png; name = "Icon@2x.png"; path = "Resources/Icon@2x.png"; sourceTree = "<group>"; };
		F82FBE5D1A0ABE560055314A /* logo.png */ = {isa = PBXFileReference; lastKnownFileType = image.png; name = logo.png; path = Resources/logo.png; sourceTree = "<group>"; };
		F82FBE5E1A0ABE560055314A /* welcome.jpg */ = {isa = PBXFileReference; lastKnownFileType = image.jpeg; name = welcome.jpg; path = Resources/welcome.jpg; sourceTree = "<group>"; };
		F82FBE5F1A0ABE560055314A /* welcome.png */ = {isa = PBXFileReference; lastKnownFileType = image.png; name = welcome.png; path = Resources/welcome.png; sourceTree = "<group>"; };
		F88703281A085A3F004E0167 /* Bolts.framework */ = {isa = PBXFileReference; lastKnownFileType = wrapper.framework; name = Bolts.framework; path = "../../../../Desktop/IntegratingFacebookTutorial-iOS/Bolts.framework"; sourceTree = "<group>"; };
		F88703291A085A3F004E0167 /* FacebookSDK.framework */ = {isa = PBXFileReference; lastKnownFileType = wrapper.framework; name = FacebookSDK.framework; path = "../../../../Desktop/IntegratingFacebookTutorial-iOS/FacebookSDK.framework"; sourceTree = "<group>"; };
		F887032A1A085A3F004E0167 /* Parse.framework */ = {isa = PBXFileReference; lastKnownFileType = wrapper.framework; name = Parse.framework; path = "../../../../Desktop/IntegratingFacebookTutorial-iOS/Parse.framework"; sourceTree = "<group>"; };
		F887032B1A085A3F004E0167 /* ParseFacebookUtils.framework */ = {isa = PBXFileReference; lastKnownFileType = wrapper.framework; name = ParseFacebookUtils.framework; path = "../../../../Desktop/IntegratingFacebookTutorial-iOS/ParseFacebookUtils.framework"; sourceTree = "<group>"; };
		F88703441A085C03004E0167 /* StoreKit.framework */ = {isa = PBXFileReference; lastKnownFileType = wrapper.framework; name = StoreKit.framework; path = System/Library/Frameworks/StoreKit.framework; sourceTree = SDKROOT; };
		F88703461A085C3D004E0167 /* CoreLocation.framework */ = {isa = PBXFileReference; lastKnownFileType = wrapper.framework; name = CoreLocation.framework; path = System/Library/Frameworks/CoreLocation.framework; sourceTree = SDKROOT; };
		F88703481A085C5A004E0167 /* libz.dylib */ = {isa = PBXFileReference; lastKnownFileType = "compiled.mach-o.dylib"; name = libz.dylib; path = usr/lib/libz.dylib; sourceTree = SDKROOT; };
		F887034A1A085C6B004E0167 /* AudioToolbox.framework */ = {isa = PBXFileReference; lastKnownFileType = wrapper.framework; name = AudioToolbox.framework; path = System/Library/Frameworks/AudioToolbox.framework; sourceTree = SDKROOT; };
		F887034C1A085C7E004E0167 /* CFNetwork.framework */ = {isa = PBXFileReference; lastKnownFileType = wrapper.framework; name = CFNetwork.framework; path = System/Library/Frameworks/CFNetwork.framework; sourceTree = SDKROOT; };
		F887034E1A085CDE004E0167 /* MobileCoreServices.framework */ = {isa = PBXFileReference; lastKnownFileType = wrapper.framework; name = MobileCoreServices.framework; path = System/Library/Frameworks/MobileCoreServices.framework; sourceTree = SDKROOT; };
		F88703501A085CEC004E0167 /* QuartzCore.framework */ = {isa = PBXFileReference; lastKnownFileType = wrapper.framework; name = QuartzCore.framework; path = System/Library/Frameworks/QuartzCore.framework; sourceTree = SDKROOT; };
		F88703521A085CFA004E0167 /* Security.framework */ = {isa = PBXFileReference; lastKnownFileType = wrapper.framework; name = Security.framework; path = System/Library/Frameworks/Security.framework; sourceTree = SDKROOT; };
		F88703541A085D0F004E0167 /* SystemConfiguration.framework */ = {isa = PBXFileReference; lastKnownFileType = wrapper.framework; name = SystemConfiguration.framework; path = System/Library/Frameworks/SystemConfiguration.framework; sourceTree = SDKROOT; };
		F88703561A085D20004E0167 /* UIKit.framework */ = {isa = PBXFileReference; lastKnownFileType = wrapper.framework; name = UIKit.framework; path = System/Library/Frameworks/UIKit.framework; sourceTree = SDKROOT; };
		F88703581A085D2E004E0167 /* Foundation.framework */ = {isa = PBXFileReference; lastKnownFileType = wrapper.framework; name = Foundation.framework; path = System/Library/Frameworks/Foundation.framework; sourceTree = SDKROOT; };
		F887035A1A085D42004E0167 /* CoreGraphics.framework */ = {isa = PBXFileReference; lastKnownFileType = wrapper.framework; name = CoreGraphics.framework; path = System/Library/Frameworks/CoreGraphics.framework; sourceTree = SDKROOT; };
		F887035D1A085E96004E0167 /* Info.plist */ = {isa = PBXFileReference; fileEncoding = 4; lastKnownFileType = text.plist.xml; path = Info.plist; sourceTree = "<group>"; };
=======
		91C453ED1A09B386006BF8FB /* LoginViewController.h */ = {isa = PBXFileReference; fileEncoding = 4; lastKnownFileType = sourcecode.c.h; path = LoginViewController.h; sourceTree = "<group>"; };
		91C453EE1A09B386006BF8FB /* LoginViewController.m */ = {isa = PBXFileReference; fileEncoding = 4; lastKnownFileType = sourcecode.c.objc; path = LoginViewController.m; sourceTree = "<group>"; };
		91C453EF1A09B386006BF8FB /* UserDetailsViewController.h */ = {isa = PBXFileReference; fileEncoding = 4; lastKnownFileType = sourcecode.c.h; path = UserDetailsViewController.h; sourceTree = "<group>"; };
		91C453F01A09B386006BF8FB /* UserDetailsViewController.m */ = {isa = PBXFileReference; fileEncoding = 4; lastKnownFileType = sourcecode.c.objc; path = UserDetailsViewController.m; sourceTree = "<group>"; };
		91C453F61A09B837006BF8FB /* FacebookSDK.framework */ = {isa = PBXFileReference; lastKnownFileType = wrapper.framework; path = FacebookSDK.framework; sourceTree = "<group>"; };
		91C453F81A09B84C006BF8FB /* Bolts.framework */ = {isa = PBXFileReference; lastKnownFileType = wrapper.framework; path = Bolts.framework; sourceTree = "<group>"; };
		91C453F91A09B84C006BF8FB /* Parse.framework */ = {isa = PBXFileReference; lastKnownFileType = wrapper.framework; path = Parse.framework; sourceTree = "<group>"; };
		91C453FA1A09B84C006BF8FB /* ParseFacebookUtils.framework */ = {isa = PBXFileReference; lastKnownFileType = wrapper.framework; path = ParseFacebookUtils.framework; sourceTree = "<group>"; };
		91C454021A09BF54006BF8FB /* Default-568h@2x.png */ = {isa = PBXFileReference; lastKnownFileType = image.png; name = "Default-568h@2x.png"; path = "PhotoTravel/Resources/Default-568h@2x.png"; sourceTree = "<group>"; };
		91C454031A09BF54006BF8FB /* Default.png */ = {isa = PBXFileReference; lastKnownFileType = image.png; name = Default.png; path = PhotoTravel/Resources/Default.png; sourceTree = "<group>"; };
		91C454041A09BF54006BF8FB /* Default@2x.png */ = {isa = PBXFileReference; lastKnownFileType = image.png; name = "Default@2x.png"; path = "PhotoTravel/Resources/Default@2x.png"; sourceTree = "<group>"; };
		91C454051A09BF54006BF8FB /* Icon.png */ = {isa = PBXFileReference; lastKnownFileType = image.png; name = Icon.png; path = PhotoTravel/Resources/Icon.png; sourceTree = "<group>"; };
		91C454061A09BF54006BF8FB /* Icon@2x.png */ = {isa = PBXFileReference; lastKnownFileType = image.png; name = "Icon@2x.png"; path = "PhotoTravel/Resources/Icon@2x.png"; sourceTree = "<group>"; };
		91C454071A09BF54006BF8FB /* login-button-small-pressed.png */ = {isa = PBXFileReference; lastKnownFileType = image.png; name = "login-button-small-pressed.png"; path = "PhotoTravel/Resources/login-button-small-pressed.png"; sourceTree = "<group>"; };
		91C454081A09BF54006BF8FB /* login-button-small-pressed@2x.png */ = {isa = PBXFileReference; lastKnownFileType = image.png; name = "login-button-small-pressed@2x.png"; path = "PhotoTravel/Resources/login-button-small-pressed@2x.png"; sourceTree = "<group>"; };
		91C454091A09BF54006BF8FB /* login-button-small.png */ = {isa = PBXFileReference; lastKnownFileType = image.png; name = "login-button-small.png"; path = "PhotoTravel/Resources/login-button-small.png"; sourceTree = "<group>"; };
		91C4540A1A09BF55006BF8FB /* login-button-small@2x.png */ = {isa = PBXFileReference; lastKnownFileType = image.png; name = "login-button-small@2x.png"; path = "PhotoTravel/Resources/login-button-small@2x.png"; sourceTree = "<group>"; };
		91C4540B1A09BF55006BF8FB /* LoginViewController.xib */ = {isa = PBXFileReference; fileEncoding = 4; lastKnownFileType = file.xib; name = LoginViewController.xib; path = PhotoTravel/Resources/LoginViewController.xib; sourceTree = "<group>"; };
		91C4540C1A09BF55006BF8FB /* TableHeaderView.xib */ = {isa = PBXFileReference; fileEncoding = 4; lastKnownFileType = file.xib; name = TableHeaderView.xib; path = PhotoTravel/Resources/TableHeaderView.xib; sourceTree = "<group>"; };
		91C454181A09C0FD006BF8FB /* CoreGraphics.framework */ = {isa = PBXFileReference; lastKnownFileType = wrapper.framework; name = CoreGraphics.framework; path = System/Library/Frameworks/CoreGraphics.framework; sourceTree = SDKROOT; };
		91C4541A1A09C11C006BF8FB /* CFNetwork.framework */ = {isa = PBXFileReference; lastKnownFileType = wrapper.framework; name = CFNetwork.framework; path = System/Library/Frameworks/CFNetwork.framework; sourceTree = SDKROOT; };
		91C4541C1A09C15F006BF8FB /* SystemConfiguration.framework */ = {isa = PBXFileReference; lastKnownFileType = wrapper.framework; name = SystemConfiguration.framework; path = System/Library/Frameworks/SystemConfiguration.framework; sourceTree = SDKROOT; };
		91C4541E1A09C1B4006BF8FB /* StoreKit.framework */ = {isa = PBXFileReference; lastKnownFileType = wrapper.framework; name = StoreKit.framework; path = System/Library/Frameworks/StoreKit.framework; sourceTree = SDKROOT; };
		91C454201A09C1BE006BF8FB /* CoreLocation.framework */ = {isa = PBXFileReference; lastKnownFileType = wrapper.framework; name = CoreLocation.framework; path = System/Library/Frameworks/CoreLocation.framework; sourceTree = SDKROOT; };
		91C454221A09C1C9006BF8FB /* libz.dylib */ = {isa = PBXFileReference; lastKnownFileType = "compiled.mach-o.dylib"; name = libz.dylib; path = usr/lib/libz.dylib; sourceTree = SDKROOT; };
		91C454241A09C1D6006BF8FB /* AudioToolbox.framework */ = {isa = PBXFileReference; lastKnownFileType = wrapper.framework; name = AudioToolbox.framework; path = System/Library/Frameworks/AudioToolbox.framework; sourceTree = SDKROOT; };
		91C454261A09C21E006BF8FB /* MobileCoreServices.framework */ = {isa = PBXFileReference; lastKnownFileType = wrapper.framework; name = MobileCoreServices.framework; path = System/Library/Frameworks/MobileCoreServices.framework; sourceTree = SDKROOT; };
		91C454281A09C231006BF8FB /* UIKit.framework */ = {isa = PBXFileReference; lastKnownFileType = wrapper.framework; name = UIKit.framework; path = System/Library/Frameworks/UIKit.framework; sourceTree = SDKROOT; };
		91C4542A1A09C23F006BF8FB /* Foundation.framework */ = {isa = PBXFileReference; lastKnownFileType = wrapper.framework; name = Foundation.framework; path = System/Library/Frameworks/Foundation.framework; sourceTree = SDKROOT; };
>>>>>>> FETCH_HEAD
		F8A3603E1A06F9A6001B6E9B /* PhotoTravel.app */ = {isa = PBXFileReference; explicitFileType = wrapper.application; includeInIndex = 0; path = PhotoTravel.app; sourceTree = BUILT_PRODUCTS_DIR; };
		F8A360421A06F9A6001B6E9B /* Info.plist */ = {isa = PBXFileReference; lastKnownFileType = text.plist.xml; path = Info.plist; sourceTree = "<group>"; };
		F8A360431A06F9A6001B6E9B /* main.m */ = {isa = PBXFileReference; lastKnownFileType = sourcecode.c.objc; path = main.m; sourceTree = "<group>"; };
		F8A360451A06F9A6001B6E9B /* AppDelegate.h */ = {isa = PBXFileReference; lastKnownFileType = sourcecode.c.h; path = AppDelegate.h; sourceTree = "<group>"; };
		F8A360461A06F9A6001B6E9B /* AppDelegate.m */ = {isa = PBXFileReference; lastKnownFileType = sourcecode.c.objc; path = AppDelegate.m; sourceTree = "<group>"; };
		F8A3604F1A06F9A6001B6E9B /* Base */ = {isa = PBXFileReference; lastKnownFileType = file.storyboard; name = Base; path = Base.lproj/Main.storyboard; sourceTree = "<group>"; };
		F8A360511A06F9A6001B6E9B /* Images.xcassets */ = {isa = PBXFileReference; lastKnownFileType = folder.assetcatalog; path = Images.xcassets; sourceTree = "<group>"; };
		F8A360541A06F9A6001B6E9B /* Base */ = {isa = PBXFileReference; lastKnownFileType = file.xib; name = Base; path = Base.lproj/LaunchScreen.xib; sourceTree = "<group>"; };
		F8A3605A1A06F9A6001B6E9B /* PhotoTravelTests.xctest */ = {isa = PBXFileReference; explicitFileType = wrapper.cfbundle; includeInIndex = 0; path = PhotoTravelTests.xctest; sourceTree = BUILT_PRODUCTS_DIR; };
		F8A3606F1A071392001B6E9B /* MainViewController.h */ = {isa = PBXFileReference; fileEncoding = 4; lastKnownFileType = sourcecode.c.h; path = MainViewController.h; sourceTree = "<group>"; };
		F8A360701A071392001B6E9B /* MainViewController.m */ = {isa = PBXFileReference; fileEncoding = 4; lastKnownFileType = sourcecode.c.objc; path = MainViewController.m; sourceTree = "<group>"; };
		F8AE8FA31A0A6DEB00774FB7 /* LoginViewController.h */ = {isa = PBXFileReference; fileEncoding = 4; lastKnownFileType = sourcecode.c.h; path = LoginViewController.h; sourceTree = "<group>"; };
		F8AE8FA41A0A6DEB00774FB7 /* LoginViewController.m */ = {isa = PBXFileReference; fileEncoding = 4; lastKnownFileType = sourcecode.c.objc; path = LoginViewController.m; sourceTree = "<group>"; };
/* End PBXFileReference section */

/* Begin PBXFrameworksBuildPhase section */
		A5FBF9D4BCC6CA34D8A6ACB4 /* Frameworks */ = {
			isa = PBXFrameworksBuildPhase;
			buildActionMask = 2147483647;
			files = (
<<<<<<< HEAD
				1CEE559829D349B2EB35466C /* libPods-PhotoTravel.a in Frameworks */,
=======
				91C4542B1A09C240006BF8FB /* Foundation.framework in Frameworks */,
				91C454291A09C231006BF8FB /* UIKit.framework in Frameworks */,
				91C454271A09C21E006BF8FB /* MobileCoreServices.framework in Frameworks */,
				91C454251A09C1D6006BF8FB /* AudioToolbox.framework in Frameworks */,
				91C454231A09C1C9006BF8FB /* libz.dylib in Frameworks */,
				91C454211A09C1BE006BF8FB /* CoreLocation.framework in Frameworks */,
				91C4541F1A09C1B4006BF8FB /* StoreKit.framework in Frameworks */,
				91C4541D1A09C15F006BF8FB /* SystemConfiguration.framework in Frameworks */,
				91C4541B1A09C11C006BF8FB /* CFNetwork.framework in Frameworks */,
				91C454191A09C0FD006BF8FB /* CoreGraphics.framework in Frameworks */,
				91C453F71A09B837006BF8FB /* FacebookSDK.framework in Frameworks */,
				91C453FC1A09B84C006BF8FB /* Parse.framework in Frameworks */,
				91C453FD1A09B84C006BF8FB /* ParseFacebookUtils.framework in Frameworks */,
				91C453FB1A09B84C006BF8FB /* Bolts.framework in Frameworks */,
>>>>>>> FETCH_HEAD
			);
			runOnlyForDeploymentPostprocessing = 0;
		};
		F8A360571A06F9A6001B6E9B /* Frameworks */ = {
			isa = PBXFrameworksBuildPhase;
			buildActionMask = 2147483647;
			files = (
			);
			runOnlyForDeploymentPostprocessing = 0;
		};
/* End PBXFrameworksBuildPhase section */

/* Begin PBXGroup section */
<<<<<<< HEAD
		45741A2AD4446F5A79D6EAC8 /* Pods */ = {
			isa = PBXGroup;
			children = (
				CB3E22116C74526DBBB557CF /* Pods-PhotoTravel.debug.xcconfig */,
				C4697E2A906A2BA02D49E691 /* Pods-PhotoTravel.release.xcconfig */,
			);
			name = Pods;
			sourceTree = "<group>";
		};
		F887031D1A0851B5004E0167 /* Frameworks */ = {
			isa = PBXGroup;
			children = (
				F887035A1A085D42004E0167 /* CoreGraphics.framework */,
				F88703581A085D2E004E0167 /* Foundation.framework */,
				F88703561A085D20004E0167 /* UIKit.framework */,
				F88703541A085D0F004E0167 /* SystemConfiguration.framework */,
				F88703521A085CFA004E0167 /* Security.framework */,
				F88703501A085CEC004E0167 /* QuartzCore.framework */,
				F887034E1A085CDE004E0167 /* MobileCoreServices.framework */,
				F887034C1A085C7E004E0167 /* CFNetwork.framework */,
				F887034A1A085C6B004E0167 /* AudioToolbox.framework */,
				F88703481A085C5A004E0167 /* libz.dylib */,
				F88703461A085C3D004E0167 /* CoreLocation.framework */,
				F88703441A085C03004E0167 /* StoreKit.framework */,
				F88703281A085A3F004E0167 /* Bolts.framework */,
				F88703291A085A3F004E0167 /* FacebookSDK.framework */,
				F887032A1A085A3F004E0167 /* Parse.framework */,
				F887032B1A085A3F004E0167 /* ParseFacebookUtils.framework */,
				CF52D6019749EBCF1E1BDDF4 /* libPods-PhotoTravel.a */,
=======
		91C453F31A09B3A3006BF8FB /* ViewControllers */ = {
			isa = PBXGroup;
			children = (
				91C453F41A09B3B4006BF8FB /* Facebook */,
			);
			name = ViewControllers;
			sourceTree = "<group>";
		};
		91C453F41A09B3B4006BF8FB /* Facebook */ = {
			isa = PBXGroup;
			children = (
				91C453ED1A09B386006BF8FB /* LoginViewController.h */,
				91C453EE1A09B386006BF8FB /* LoginViewController.m */,
				91C453EF1A09B386006BF8FB /* UserDetailsViewController.h */,
				91C453F01A09B386006BF8FB /* UserDetailsViewController.m */,
			);
			name = Facebook;
			sourceTree = "<group>";
		};
		91C453F51A09B7DA006BF8FB /* Frameworks */ = {
			isa = PBXGroup;
			children = (
				91C4542A1A09C23F006BF8FB /* Foundation.framework */,
				91C454281A09C231006BF8FB /* UIKit.framework */,
				91C454261A09C21E006BF8FB /* MobileCoreServices.framework */,
				91C454241A09C1D6006BF8FB /* AudioToolbox.framework */,
				91C454221A09C1C9006BF8FB /* libz.dylib */,
				91C454201A09C1BE006BF8FB /* CoreLocation.framework */,
				91C4541E1A09C1B4006BF8FB /* StoreKit.framework */,
				91C4541C1A09C15F006BF8FB /* SystemConfiguration.framework */,
				91C4541A1A09C11C006BF8FB /* CFNetwork.framework */,
				91C454181A09C0FD006BF8FB /* CoreGraphics.framework */,
				91C453FE1A09B872006BF8FB /* User Frameworks */,
>>>>>>> FETCH_HEAD
			);
			name = Frameworks;
			sourceTree = "<group>";
		};
<<<<<<< HEAD
		F887035C1A085E96004E0167 /* PhotoTravelTests */ = {
			isa = PBXGroup;
			children = (
				F887035D1A085E96004E0167 /* Info.plist */,
			);
			path = PhotoTravelTests;
=======
		91C453FE1A09B872006BF8FB /* User Frameworks */ = {
			isa = PBXGroup;
			children = (
				91C453F81A09B84C006BF8FB /* Bolts.framework */,
				91C453F91A09B84C006BF8FB /* Parse.framework */,
				91C453FA1A09B84C006BF8FB /* ParseFacebookUtils.framework */,
				91C453F61A09B837006BF8FB /* FacebookSDK.framework */,
			);
			name = "User Frameworks";
			sourceTree = "<group>";
		};
		91C454011A09BF3C006BF8FB /* Resources */ = {
			isa = PBXGroup;
			children = (
				91C454021A09BF54006BF8FB /* Default-568h@2x.png */,
				91C454031A09BF54006BF8FB /* Default.png */,
				91C454041A09BF54006BF8FB /* Default@2x.png */,
				91C454051A09BF54006BF8FB /* Icon.png */,
				91C454061A09BF54006BF8FB /* Icon@2x.png */,
				91C454071A09BF54006BF8FB /* login-button-small-pressed.png */,
				91C454081A09BF54006BF8FB /* login-button-small-pressed@2x.png */,
				91C454091A09BF54006BF8FB /* login-button-small.png */,
				91C4540A1A09BF55006BF8FB /* login-button-small@2x.png */,
				91C4540B1A09BF55006BF8FB /* LoginViewController.xib */,
				91C4540C1A09BF55006BF8FB /* TableHeaderView.xib */,
			);
			name = Resources;
>>>>>>> FETCH_HEAD
			sourceTree = "<group>";
		};
		F8A360351A06F9A6001B6E9B = {
			isa = PBXGroup;
			children = (
<<<<<<< HEAD
				F887035C1A085E96004E0167 /* PhotoTravelTests */,
				F8A360411A06F9A6001B6E9B /* Supporting Files */,
				F8A3606A1A070413001B6E9B /* Resources */,
				F887031D1A0851B5004E0167 /* Frameworks */,
				F8A360401A06F9A6001B6E9B /* Classes */,
				F8A3603F1A06F9A6001B6E9B /* Products */,
				45741A2AD4446F5A79D6EAC8 /* Pods */,
=======
				91C454011A09BF3C006BF8FB /* Resources */,
				F8A360401A06F9A6001B6E9B /* PhotoTravel */,
				F8A3605D1A06F9A6001B6E9B /* PhotoTravelTests */,
				F8A3603F1A06F9A6001B6E9B /* Products */,
				91C453F51A09B7DA006BF8FB /* Frameworks */,
>>>>>>> FETCH_HEAD
			);
			sourceTree = "<group>";
		};
		F8A3603F1A06F9A6001B6E9B /* Products */ = {
			isa = PBXGroup;
			children = (
				F8A3603E1A06F9A6001B6E9B /* PhotoTravel.app */,
				F8A3605A1A06F9A6001B6E9B /* PhotoTravelTests.xctest */,
			);
			name = Products;
			sourceTree = "<group>";
		};
		F8A360401A06F9A6001B6E9B /* Classes */ = {
			isa = PBXGroup;
			children = (
				91C453F31A09B3A3006BF8FB /* ViewControllers */,
				F8A360451A06F9A6001B6E9B /* AppDelegate.h */,
				F8A360461A06F9A6001B6E9B /* AppDelegate.m */,
				F8A360511A06F9A6001B6E9B /* Images.xcassets */,
				F8A3606F1A071392001B6E9B /* MainViewController.h */,
				F8A360701A071392001B6E9B /* MainViewController.m */,
				F8AE8FA31A0A6DEB00774FB7 /* LoginViewController.h */,
				F8AE8FA41A0A6DEB00774FB7 /* LoginViewController.m */,
			);
			name = Classes;
			path = PhotoTravel;
			sourceTree = "<group>";
		};
		F8A360411A06F9A6001B6E9B /* Supporting Files */ = {
			isa = PBXGroup;
			children = (
				F8A360421A06F9A6001B6E9B /* Info.plist */,
				F8A360431A06F9A6001B6E9B /* main.m */,
			);
			name = "Supporting Files";
			path = PhotoTravel;
			sourceTree = "<group>";
		};
		F8A3606A1A070413001B6E9B /* Resources */ = {
			isa = PBXGroup;
			children = (
				F82FBE5B1A0ABE560055314A /* Icon.png */,
				F82FBE5C1A0ABE560055314A /* Icon@2x.png */,
				F82FBE5D1A0ABE560055314A /* logo.png */,
				F82FBE5E1A0ABE560055314A /* welcome.jpg */,
				F82FBE5F1A0ABE560055314A /* welcome.png */,
				F8A3604E1A06F9A6001B6E9B /* Main.storyboard */,
				F8A360531A06F9A6001B6E9B /* LaunchScreen.xib */,
			);
			name = Resources;
			path = PhotoTravel;
			sourceTree = "<group>";
		};
/* End PBXGroup section */

/* Begin PBXNativeTarget section */
		F8A3603D1A06F9A6001B6E9B /* PhotoTravel */ = {
			isa = PBXNativeTarget;
			buildConfigurationList = F8A360641A06F9A6001B6E9B /* Build configuration list for PBXNativeTarget "PhotoTravel" */;
			buildPhases = (
				83F0C5EE16F9CFE8DA6375CE /* Check Pods Manifest.lock */,
				F8A3603A1A06F9A6001B6E9B /* Sources */,
				F8A3603C1A06F9A6001B6E9B /* Resources */,
				A1041A9DD1CA9AE2EEB5D9BE /* Copy Pods Resources */,
				A5FBF9D4BCC6CA34D8A6ACB4 /* Frameworks */,
			);
			buildRules = (
			);
			dependencies = (
			);
			name = PhotoTravel;
			productName = PhotoTravel;
			productReference = F8A3603E1A06F9A6001B6E9B /* PhotoTravel.app */;
			productType = "com.apple.product-type.application";
		};
		F8A360591A06F9A6001B6E9B /* PhotoTravelTests */ = {
			isa = PBXNativeTarget;
			buildConfigurationList = F8A360671A06F9A6001B6E9B /* Build configuration list for PBXNativeTarget "PhotoTravelTests" */;
			buildPhases = (
				F8A360561A06F9A6001B6E9B /* Sources */,
				F8A360571A06F9A6001B6E9B /* Frameworks */,
				F8A360581A06F9A6001B6E9B /* Resources */,
			);
			buildRules = (
			);
			dependencies = (
				F8A3605C1A06F9A6001B6E9B /* PBXTargetDependency */,
			);
			name = PhotoTravelTests;
			productName = PhotoTravelTests;
			productReference = F8A3605A1A06F9A6001B6E9B /* PhotoTravelTests.xctest */;
			productType = "com.apple.product-type.bundle.unit-test";
		};
/* End PBXNativeTarget section */

/* Begin PBXProject section */
		F8A360361A06F9A6001B6E9B /* Project object */ = {
			isa = PBXProject;
			attributes = {
				LastUpgradeCheck = 0610;
				ORGANIZATIONNAME = PhotoTravel;
				TargetAttributes = {
					F8A3603D1A06F9A6001B6E9B = {
						CreatedOnToolsVersion = 6.1;
					};
					F8A360591A06F9A6001B6E9B = {
						CreatedOnToolsVersion = 6.1;
						TestTargetID = F8A3603D1A06F9A6001B6E9B;
					};
				};
			};
			buildConfigurationList = F8A360391A06F9A6001B6E9B /* Build configuration list for PBXProject "PhotoTravel" */;
			compatibilityVersion = "Xcode 3.2";
			developmentRegion = English;
			hasScannedForEncodings = 0;
			knownRegions = (
				en,
				Base,
			);
			mainGroup = F8A360351A06F9A6001B6E9B;
			productRefGroup = F8A3603F1A06F9A6001B6E9B /* Products */;
			projectDirPath = "";
			projectRoot = "";
			targets = (
				F8A3603D1A06F9A6001B6E9B /* PhotoTravel */,
				F8A360591A06F9A6001B6E9B /* PhotoTravelTests */,
			);
		};
/* End PBXProject section */

/* Begin PBXResourcesBuildPhase section */
		F8A3603C1A06F9A6001B6E9B /* Resources */ = {
			isa = PBXResourcesBuildPhase;
			buildActionMask = 2147483647;
			files = (
<<<<<<< HEAD
				F887035F1A085E96004E0167 /* Info.plist in Resources */,
				F82FBE611A0ABE560055314A /* Icon@2x.png in Resources */,
				F8A360501A06F9A6001B6E9B /* Main.storyboard in Resources */,
				F82FBE601A0ABE560055314A /* Icon.png in Resources */,
				F82FBE621A0ABE560055314A /* logo.png in Resources */,
				F8A360551A06F9A6001B6E9B /* LaunchScreen.xib in Resources */,
				F82FBE641A0ABE560055314A /* welcome.png in Resources */,
				F82FBE631A0ABE560055314A /* welcome.jpg in Resources */,
=======
				91C454171A09BF55006BF8FB /* TableHeaderView.xib in Resources */,
				91C4540F1A09BF55006BF8FB /* Default@2x.png in Resources */,
				91C454111A09BF55006BF8FB /* Icon@2x.png in Resources */,
				F8A360501A06F9A6001B6E9B /* Main.storyboard in Resources */,
				91C4540D1A09BF55006BF8FB /* Default-568h@2x.png in Resources */,
				F8A360551A06F9A6001B6E9B /* LaunchScreen.xib in Resources */,
				91C454131A09BF55006BF8FB /* login-button-small-pressed@2x.png in Resources */,
				91C454151A09BF55006BF8FB /* login-button-small@2x.png in Resources */,
>>>>>>> FETCH_HEAD
				F8A360521A06F9A6001B6E9B /* Images.xcassets in Resources */,
				91C454101A09BF55006BF8FB /* Icon.png in Resources */,
				91C454161A09BF55006BF8FB /* LoginViewController.xib in Resources */,
				91C4540E1A09BF55006BF8FB /* Default.png in Resources */,
				91C454121A09BF55006BF8FB /* login-button-small-pressed.png in Resources */,
				91C454141A09BF55006BF8FB /* login-button-small.png in Resources */,
			);
			runOnlyForDeploymentPostprocessing = 0;
		};
		F8A360581A06F9A6001B6E9B /* Resources */ = {
			isa = PBXResourcesBuildPhase;
			buildActionMask = 2147483647;
			files = (
			);
			runOnlyForDeploymentPostprocessing = 0;
		};
/* End PBXResourcesBuildPhase section */

/* Begin PBXShellScriptBuildPhase section */
		83F0C5EE16F9CFE8DA6375CE /* Check Pods Manifest.lock */ = {
			isa = PBXShellScriptBuildPhase;
			buildActionMask = 2147483647;
			files = (
			);
			inputPaths = (
			);
			name = "Check Pods Manifest.lock";
			outputPaths = (
			);
			runOnlyForDeploymentPostprocessing = 0;
			shellPath = /bin/sh;
			shellScript = "diff \"${PODS_ROOT}/../Podfile.lock\" \"${PODS_ROOT}/Manifest.lock\" > /dev/null\nif [[ $? != 0 ]] ; then\n    cat << EOM\nerror: The sandbox is not in sync with the Podfile.lock. Run 'pod install' or update your CocoaPods installation.\nEOM\n    exit 1\nfi\n";
			showEnvVarsInLog = 0;
		};
		A1041A9DD1CA9AE2EEB5D9BE /* Copy Pods Resources */ = {
			isa = PBXShellScriptBuildPhase;
			buildActionMask = 2147483647;
			files = (
			);
			inputPaths = (
			);
			name = "Copy Pods Resources";
			outputPaths = (
			);
			runOnlyForDeploymentPostprocessing = 0;
			shellPath = /bin/sh;
			shellScript = "\"${SRCROOT}/Pods/Target Support Files/Pods-PhotoTravel/Pods-PhotoTravel-resources.sh\"\n";
			showEnvVarsInLog = 0;
		};
/* End PBXShellScriptBuildPhase section */

/* Begin PBXSourcesBuildPhase section */
		F8A3603A1A06F9A6001B6E9B /* Sources */ = {
			isa = PBXSourcesBuildPhase;
			buildActionMask = 2147483647;
			files = (
				F8AE8FA51A0A6DEB00774FB7 /* LoginViewController.m in Sources */,
				F8A360471A06F9A6001B6E9B /* AppDelegate.m in Sources */,
				F8A360441A06F9A6001B6E9B /* main.m in Sources */,
<<<<<<< HEAD
				F8A360711A071392001B6E9B /* MainViewController.m in Sources */,
=======
				F8A3604D1A06F9A6001B6E9B /* DetailViewController.m in Sources */,
				91C453F21A09B386006BF8FB /* UserDetailsViewController.m in Sources */,
				91C453F11A09B386006BF8FB /* LoginViewController.m in Sources */,
>>>>>>> FETCH_HEAD
			);
			runOnlyForDeploymentPostprocessing = 0;
		};
		F8A360561A06F9A6001B6E9B /* Sources */ = {
			isa = PBXSourcesBuildPhase;
			buildActionMask = 2147483647;
			files = (
			);
			runOnlyForDeploymentPostprocessing = 0;
		};
/* End PBXSourcesBuildPhase section */

/* Begin PBXTargetDependency section */
		F8A3605C1A06F9A6001B6E9B /* PBXTargetDependency */ = {
			isa = PBXTargetDependency;
			target = F8A3603D1A06F9A6001B6E9B /* PhotoTravel */;
			targetProxy = F8A3605B1A06F9A6001B6E9B /* PBXContainerItemProxy */;
		};
/* End PBXTargetDependency section */

/* Begin PBXVariantGroup section */
		F8A3604E1A06F9A6001B6E9B /* Main.storyboard */ = {
			isa = PBXVariantGroup;
			children = (
				F8A3604F1A06F9A6001B6E9B /* Base */,
			);
			name = Main.storyboard;
			sourceTree = "<group>";
		};
		F8A360531A06F9A6001B6E9B /* LaunchScreen.xib */ = {
			isa = PBXVariantGroup;
			children = (
				F8A360541A06F9A6001B6E9B /* Base */,
			);
			name = LaunchScreen.xib;
			sourceTree = "<group>";
		};
/* End PBXVariantGroup section */

/* Begin XCBuildConfiguration section */
		F8A360621A06F9A6001B6E9B /* Debug */ = {
			isa = XCBuildConfiguration;
			buildSettings = {
				ALWAYS_SEARCH_USER_PATHS = NO;
				CLANG_CXX_LANGUAGE_STANDARD = "gnu++0x";
				CLANG_CXX_LIBRARY = "libc++";
				CLANG_ENABLE_MODULES = YES;
				CLANG_ENABLE_OBJC_ARC = YES;
				CLANG_WARN_BOOL_CONVERSION = YES;
				CLANG_WARN_CONSTANT_CONVERSION = YES;
				CLANG_WARN_DIRECT_OBJC_ISA_USAGE = YES_ERROR;
				CLANG_WARN_EMPTY_BODY = YES;
				CLANG_WARN_ENUM_CONVERSION = YES;
				CLANG_WARN_INT_CONVERSION = YES;
				CLANG_WARN_OBJC_ROOT_CLASS = YES_ERROR;
				CLANG_WARN_UNREACHABLE_CODE = YES;
				CLANG_WARN__DUPLICATE_METHOD_MATCH = YES;
				"CODE_SIGN_IDENTITY[sdk=iphoneos*]" = "iPhone Developer";
				COPY_PHASE_STRIP = NO;
				ENABLE_STRICT_OBJC_MSGSEND = YES;
				GCC_C_LANGUAGE_STANDARD = gnu99;
				GCC_DYNAMIC_NO_PIC = NO;
				GCC_OPTIMIZATION_LEVEL = 0;
				GCC_PREPROCESSOR_DEFINITIONS = (
					"DEBUG=1",
					"$(inherited)",
				);
				GCC_SYMBOLS_PRIVATE_EXTERN = NO;
				GCC_WARN_64_TO_32_BIT_CONVERSION = YES;
				GCC_WARN_ABOUT_RETURN_TYPE = YES_ERROR;
				GCC_WARN_UNDECLARED_SELECTOR = YES;
				GCC_WARN_UNINITIALIZED_AUTOS = YES_AGGRESSIVE;
				GCC_WARN_UNUSED_FUNCTION = YES;
				GCC_WARN_UNUSED_VARIABLE = YES;
				IPHONEOS_DEPLOYMENT_TARGET = 8.1;
				MTL_ENABLE_DEBUG_INFO = YES;
				ONLY_ACTIVE_ARCH = YES;
				SDKROOT = iphoneos;
				TARGETED_DEVICE_FAMILY = "1,2";
			};
			name = Debug;
		};
		F8A360631A06F9A6001B6E9B /* Release */ = {
			isa = XCBuildConfiguration;
			buildSettings = {
				ALWAYS_SEARCH_USER_PATHS = NO;
				CLANG_CXX_LANGUAGE_STANDARD = "gnu++0x";
				CLANG_CXX_LIBRARY = "libc++";
				CLANG_ENABLE_MODULES = YES;
				CLANG_ENABLE_OBJC_ARC = YES;
				CLANG_WARN_BOOL_CONVERSION = YES;
				CLANG_WARN_CONSTANT_CONVERSION = YES;
				CLANG_WARN_DIRECT_OBJC_ISA_USAGE = YES_ERROR;
				CLANG_WARN_EMPTY_BODY = YES;
				CLANG_WARN_ENUM_CONVERSION = YES;
				CLANG_WARN_INT_CONVERSION = YES;
				CLANG_WARN_OBJC_ROOT_CLASS = YES_ERROR;
				CLANG_WARN_UNREACHABLE_CODE = YES;
				CLANG_WARN__DUPLICATE_METHOD_MATCH = YES;
				"CODE_SIGN_IDENTITY[sdk=iphoneos*]" = "iPhone Developer";
				COPY_PHASE_STRIP = YES;
				ENABLE_NS_ASSERTIONS = NO;
				ENABLE_STRICT_OBJC_MSGSEND = YES;
				GCC_C_LANGUAGE_STANDARD = gnu99;
				GCC_WARN_64_TO_32_BIT_CONVERSION = YES;
				GCC_WARN_ABOUT_RETURN_TYPE = YES_ERROR;
				GCC_WARN_UNDECLARED_SELECTOR = YES;
				GCC_WARN_UNINITIALIZED_AUTOS = YES_AGGRESSIVE;
				GCC_WARN_UNUSED_FUNCTION = YES;
				GCC_WARN_UNUSED_VARIABLE = YES;
				IPHONEOS_DEPLOYMENT_TARGET = 8.1;
				MTL_ENABLE_DEBUG_INFO = NO;
				SDKROOT = iphoneos;
				TARGETED_DEVICE_FAMILY = "1,2";
				VALIDATE_PRODUCT = YES;
			};
			name = Release;
		};
		F8A360651A06F9A6001B6E9B /* Debug */ = {
			isa = XCBuildConfiguration;
			baseConfigurationReference = CB3E22116C74526DBBB557CF /* Pods-PhotoTravel.debug.xcconfig */;
			buildSettings = {
				ASSETCATALOG_COMPILER_APPICON_NAME = AppIcon;
				FRAMEWORK_SEARCH_PATHS = (
					"$(inherited)",
<<<<<<< HEAD
					/Users/peshopeshev/Documents/FacebookSDK,
					"/Users/peshopeshev/Downloads/parse-library-1.4.2",
					2,
					"$(PROJECT_DIR)",
					"/Users/peshopeshev/Desktop/IntegratingFacebookTutorial-iOS",
				);
				INFOPLIST_FILE = PhotoTravel/Info.plist;
				IPHONEOS_DEPLOYMENT_TARGET = 6.0;
=======
					"$(PROJECT_DIR)",
				);
				INFOPLIST_FILE = PhotoTravel/Info.plist;
				IPHONEOS_DEPLOYMENT_TARGET = 8.1;
>>>>>>> FETCH_HEAD
				LD_RUNPATH_SEARCH_PATHS = "$(inherited) @executable_path/Frameworks";
				PRODUCT_NAME = "$(TARGET_NAME)";
			};
			name = Debug;
		};
		F8A360661A06F9A6001B6E9B /* Release */ = {
			isa = XCBuildConfiguration;
			baseConfigurationReference = C4697E2A906A2BA02D49E691 /* Pods-PhotoTravel.release.xcconfig */;
			buildSettings = {
				ASSETCATALOG_COMPILER_APPICON_NAME = AppIcon;
				FRAMEWORK_SEARCH_PATHS = (
					"$(inherited)",
<<<<<<< HEAD
					/Users/peshopeshev/Documents/FacebookSDK,
					"/Users/peshopeshev/Downloads/parse-library-1.4.2",
					2,
					"$(PROJECT_DIR)",
					"/Users/peshopeshev/Desktop/IntegratingFacebookTutorial-iOS",
				);
				INFOPLIST_FILE = PhotoTravel/Info.plist;
				IPHONEOS_DEPLOYMENT_TARGET = 6.0;
=======
					"$(PROJECT_DIR)",
				);
				INFOPLIST_FILE = PhotoTravel/Info.plist;
				IPHONEOS_DEPLOYMENT_TARGET = 8.1;
>>>>>>> FETCH_HEAD
				LD_RUNPATH_SEARCH_PATHS = "$(inherited) @executable_path/Frameworks";
				PRODUCT_NAME = "$(TARGET_NAME)";
			};
			name = Release;
		};
		F8A360681A06F9A6001B6E9B /* Debug */ = {
			isa = XCBuildConfiguration;
			buildSettings = {
				BUNDLE_LOADER = "$(TEST_HOST)";
				FRAMEWORK_SEARCH_PATHS = (
					"$(SDKROOT)/Developer/Library/Frameworks",
					"$(inherited)",
				);
				GCC_PREPROCESSOR_DEFINITIONS = (
					"DEBUG=1",
					"$(inherited)",
				);
				INFOPLIST_FILE = PhotoTravelTests/Info.plist;
				LD_RUNPATH_SEARCH_PATHS = "$(inherited) @executable_path/Frameworks @loader_path/Frameworks";
				PRODUCT_NAME = "$(TARGET_NAME)";
				TEST_HOST = "$(BUILT_PRODUCTS_DIR)/PhotoTravel.app/PhotoTravel";
			};
			name = Debug;
		};
		F8A360691A06F9A6001B6E9B /* Release */ = {
			isa = XCBuildConfiguration;
			buildSettings = {
				BUNDLE_LOADER = "$(TEST_HOST)";
				FRAMEWORK_SEARCH_PATHS = (
					"$(SDKROOT)/Developer/Library/Frameworks",
					"$(inherited)",
				);
				INFOPLIST_FILE = PhotoTravelTests/Info.plist;
				LD_RUNPATH_SEARCH_PATHS = "$(inherited) @executable_path/Frameworks @loader_path/Frameworks";
				PRODUCT_NAME = "$(TARGET_NAME)";
				TEST_HOST = "$(BUILT_PRODUCTS_DIR)/PhotoTravel.app/PhotoTravel";
			};
			name = Release;
		};
/* End XCBuildConfiguration section */

/* Begin XCConfigurationList section */
		F8A360391A06F9A6001B6E9B /* Build configuration list for PBXProject "PhotoTravel" */ = {
			isa = XCConfigurationList;
			buildConfigurations = (
				F8A360621A06F9A6001B6E9B /* Debug */,
				F8A360631A06F9A6001B6E9B /* Release */,
			);
			defaultConfigurationIsVisible = 0;
			defaultConfigurationName = Release;
		};
		F8A360641A06F9A6001B6E9B /* Build configuration list for PBXNativeTarget "PhotoTravel" */ = {
			isa = XCConfigurationList;
			buildConfigurations = (
				F8A360651A06F9A6001B6E9B /* Debug */,
				F8A360661A06F9A6001B6E9B /* Release */,
			);
			defaultConfigurationIsVisible = 0;
			defaultConfigurationName = Release;
		};
		F8A360671A06F9A6001B6E9B /* Build configuration list for PBXNativeTarget "PhotoTravelTests" */ = {
			isa = XCConfigurationList;
			buildConfigurations = (
				F8A360681A06F9A6001B6E9B /* Debug */,
				F8A360691A06F9A6001B6E9B /* Release */,
			);
			defaultConfigurationIsVisible = 0;
			defaultConfigurationName = Release;
		};
/* End XCConfigurationList section */
	};
	rootObject = F8A360361A06F9A6001B6E9B /* Project object */;
}
