// !$*UTF8*$!
{
	archiveVersion = 1;
	classes = {
	};
	objectVersion = 46;
	objects = {

/* Begin PBXBuildFile section */
		F8A360441A06F9A6001B6E9B /* main.m in Sources */ = {isa = PBXBuildFile; fileRef = F8A360431A06F9A6001B6E9B /* main.m */; };
		F8A360471A06F9A6001B6E9B /* AppDelegate.m in Sources */ = {isa = PBXBuildFile; fileRef = F8A360461A06F9A6001B6E9B /* AppDelegate.m */; };
		F8A3604A1A06F9A6001B6E9B /* MasterViewController.m in Sources */ = {isa = PBXBuildFile; fileRef = F8A360491A06F9A6001B6E9B /* MasterViewController.m */; };
		F8A3604D1A06F9A6001B6E9B /* DetailViewController.m in Sources */ = {isa = PBXBuildFile; fileRef = F8A3604C1A06F9A6001B6E9B /* DetailViewController.m */; };
		F8A360501A06F9A6001B6E9B /* Main.storyboard in Resources */ = {isa = PBXBuildFile; fileRef = F8A3604E1A06F9A6001B6E9B /* Main.storyboard */; };
		F8A360521A06F9A6001B6E9B /* Images.xcassets in Resources */ = {isa = PBXBuildFile; fileRef = F8A360511A06F9A6001B6E9B /* Images.xcassets */; };
		F8A360551A06F9A6001B6E9B /* LaunchScreen.xib in Resources */ = {isa = PBXBuildFile; fileRef = F8A360531A06F9A6001B6E9B /* LaunchScreen.xib */; };
		F8A360611A06F9A6001B6E9B /* PhotoTravelTests.m in Sources */ = {isa = PBXBuildFile; fileRef = F8A360601A06F9A6001B6E9B /* PhotoTravelTests.m */; };
/* End PBXBuildFile section */

/* Begin PBXContainerItemProxy section */
		F8A3605B1A06F9A6001B6E9B /* PBXContainerItemProxy */ = {
			isa = PBXContainerItemProxy;
			containerPortal = F8A360361A06F9A6001B6E9B /* Project object */;
			proxyType = 1;
			remoteGlobalIDString = F8A3603D1A06F9A6001B6E9B;
			remoteInfo = PhotoTravel;
		};
/* End PBXContainerItemProxy section */

/* Begin PBXFileReference section */
		F8A3603E1A06F9A6001B6E9B /* PhotoTravel.app */ = {isa = PBXFileReference; explicitFileType = wrapper.application; includeInIndex = 0; path = PhotoTravel.app; sourceTree = BUILT_PRODUCTS_DIR; };
		F8A360421A06F9A6001B6E9B /* Info.plist */ = {isa = PBXFileReference; lastKnownFileType = text.plist.xml; path = Info.plist; sourceTree = "<group>"; };
		F8A360431A06F9A6001B6E9B /* main.m */ = {isa = PBXFileReference; lastKnownFileType = sourcecode.c.objc; path = main.m; sourceTree = "<group>"; };
		F8A360451A06F9A6001B6E9B /* AppDelegate.h */ = {isa = PBXFileReference; lastKnownFileType = sourcecode.c.h; path = AppDelegate.h; sourceTree = "<group>"; };
		F8A360461A06F9A6001B6E9B /* AppDelegate.m */ = {isa = PBXFileReference; lastKnownFileType = sourcecode.c.objc; path = AppDelegate.m; sourceTree = "<group>"; };
		F8A360481A06F9A6001B6E9B /* MasterViewController.h */ = {isa = PBXFileReference; lastKnownFileType = sourcecode.c.h; path = MasterViewController.h; sourceTree = "<group>"; };
		F8A360491A06F9A6001B6E9B /* MasterViewController.m */ = {isa = PBXFileReference; lastKnownFileType = sourcecode.c.objc; path = MasterViewController.m; sourceTree = "<group>"; };
		F8A3604B1A06F9A6001B6E9B /* DetailViewController.h */ = {isa = PBXFileReference; lastKnownFileType = sourcecode.c.h; path = DetailViewController.h; sourceTree = "<group>"; };
		F8A3604C1A06F9A6001B6E9B /* DetailViewController.m */ = {isa = PBXFileReference; lastKnownFileType = sourcecode.c.objc; path = DetailViewController.m; sourceTree = "<group>"; };
		F8A3604F1A06F9A6001B6E9B /* Base */ = {isa = PBXFileReference; lastKnownFileType = file.storyboard; name = Base; path = Base.lproj/Main.storyboard; sourceTree = "<group>"; };
		F8A360511A06F9A6001B6E9B /* Images.xcassets */ = {isa = PBXFileReference; lastKnownFileType = folder.assetcatalog; path = Images.xcassets; sourceTree = "<group>"; };
		F8A360541A06F9A6001B6E9B /* Base */ = {isa = PBXFileReference; lastKnownFileType = file.xib; name = Base; path = Base.lproj/LaunchScreen.xib; sourceTree = "<group>"; };
		F8A3605A1A06F9A6001B6E9B /* PhotoTravelTests.xctest */ = {isa = PBXFileReference; explicitFileType = wrapper.cfbundle; includeInIndex = 0; path = PhotoTravelTests.xctest; sourceTree = BUILT_PRODUCTS_DIR; };
		F8A3605F1A06F9A6001B6E9B /* Info.plist */ = {isa = PBXFileReference; lastKnownFileType = text.plist.xml; path = Info.plist; sourceTree = "<group>"; };
		F8A360601A06F9A6001B6E9B /* PhotoTravelTests.m */ = {isa = PBXFileReference; lastKnownFileType = sourcecode.c.objc; path = PhotoTravelTests.m; sourceTree = "<group>"; };
/* End PBXFileReference section */

/* Begin PBXFrameworksBuildPhase section */
		F8A3603B1A06F9A6001B6E9B /* Frameworks */ = {
			isa = PBXFrameworksBuildPhase;
			buildActionMask = 2147483647;
			files = (
			);
			runOnlyForDeploymentPostprocessing = 0;
		};
		F8A360571A06F9A6001B6E9B /* Frameworks */ = {
			isa = PBXFrameworksBuildPhase;
			buildActionMask = 2147483647;
			files = (
			);
			runOnlyForDeploymentPostprocessing = 0;
		};
/* End PBXFrameworksBuildPhase section */

/* Begin PBXGroup section */
		F8A360351A06F9A6001B6E9B = {
			isa = PBXGroup;
			children = (
				F8A360401A06F9A6001B6E9B /* PhotoTravel */,
				F8A3605D1A06F9A6001B6E9B /* PhotoTravelTests */,
				F8A3603F1A06F9A6001B6E9B /* Products */,
			);
			sourceTree = "<group>";
		};
		F8A3603F1A06F9A6001B6E9B /* Products */ = {
			isa = PBXGroup;
			children = (
				F8A3603E1A06F9A6001B6E9B /* PhotoTravel.app */,
				F8A3605A1A06F9A6001B6E9B /* PhotoTravelTests.xctest */,
			);
			name = Products;
			sourceTree = "<group>";
		};
		F8A360401A06F9A6001B6E9B /* PhotoTravel */ = {
			isa = PBXGroup;
			children = (
				F8A360451A06F9A6001B6E9B /* AppDelegate.h */,
				F8A360461A06F9A6001B6E9B /* AppDelegate.m */,
				F8A360481A06F9A6001B6E9B /* MasterViewController.h */,
				F8A360491A06F9A6001B6E9B /* MasterViewController.m */,
				F8A3604B1A06F9A6001B6E9B /* DetailViewController.h */,
				F8A3604C1A06F9A6001B6E9B /* DetailViewController.m */,
				F8A3604E1A06F9A6001B6E9B /* Main.storyboard */,
				F8A360511A06F9A6001B6E9B /* Images.xcassets */,
				F8A360531A06F9A6001B6E9B /* LaunchScreen.xib */,
				F8A360411A06F9A6001B6E9B /* Supporting Files */,
			);
			path = PhotoTravel;
			sourceTree = "<group>";
		};
		F8A360411A06F9A6001B6E9B /* Supporting Files */ = {
			isa = PBXGroup;
			children = (
				F8A360421A06F9A6001B6E9B /* Info.plist */,
				F8A360431A06F9A6001B6E9B /* main.m */,
			);
			name = "Supporting Files";
			sourceTree = "<group>";
		};
		F8A3605D1A06F9A6001B6E9B /* PhotoTravelTests */ = {
			isa = PBXGroup;
			children = (
				F8A360601A06F9A6001B6E9B /* PhotoTravelTests.m */,
				F8A3605E1A06F9A6001B6E9B /* Supporting Files */,
			);
			path = PhotoTravelTests;
			sourceTree = "<group>";
		};
		F8A3605E1A06F9A6001B6E9B /* Supporting Files */ = {
			isa = PBXGroup;
			children = (
				F8A3605F1A06F9A6001B6E9B /* Info.plist */,
			);
			name = "Supporting Files";
			sourceTree = "<group>";
		};
/* End PBXGroup section */

/* Begin PBXNativeTarget section */
		F8A3603D1A06F9A6001B6E9B /* PhotoTravel */ = {
			isa = PBXNativeTarget;
			buildConfigurationList = F8A360641A06F9A6001B6E9B /* Build configuration list for PBXNativeTarget "PhotoTravel" */;
			buildPhases = (
				F8A3603A1A06F9A6001B6E9B /* Sources */,
				F8A3603B1A06F9A6001B6E9B /* Frameworks */,
				F8A3603C1A06F9A6001B6E9B /* Resources */,
			);
			buildRules = (
			);
			dependencies = (
			);
			name = PhotoTravel;
			productName = PhotoTravel;
			productReference = F8A3603E1A06F9A6001B6E9B /* PhotoTravel.app */;
			productType = "com.apple.product-type.application";
		};
		F8A360591A06F9A6001B6E9B /* PhotoTravelTests */ = {
			isa = PBXNativeTarget;
			buildConfigurationList = F8A360671A06F9A6001B6E9B /* Build configuration list for PBXNativeTarget "PhotoTravelTests" */;
			buildPhases = (
				F8A360561A06F9A6001B6E9B /* Sources */,
				F8A360571A06F9A6001B6E9B /* Frameworks */,
				F8A360581A06F9A6001B6E9B /* Resources */,
			);
			buildRules = (
			);
			dependencies = (
				F8A3605C1A06F9A6001B6E9B /* PBXTargetDependency */,
			);
			name = PhotoTravelTests;
			productName = PhotoTravelTests;
			productReference = F8A3605A1A06F9A6001B6E9B /* PhotoTravelTests.xctest */;
			productType = "com.apple.product-type.bundle.unit-test";
		};
/* End PBXNativeTarget section */

/* Begin PBXProject section */
		F8A360361A06F9A6001B6E9B /* Project object */ = {
			isa = PBXProject;
			attributes = {
				LastUpgradeCheck = 0610;
				ORGANIZATIONNAME = PhotoTravel;
				TargetAttributes = {
					F8A3603D1A06F9A6001B6E9B = {
						CreatedOnToolsVersion = 6.1;
					};
					F8A360591A06F9A6001B6E9B = {
						CreatedOnToolsVersion = 6.1;
						TestTargetID = F8A3603D1A06F9A6001B6E9B;
					};
				};
			};
			buildConfigurationList = F8A360391A06F9A6001B6E9B /* Build configuration list for PBXProject "PhotoTravel" */;
			compatibilityVersion = "Xcode 3.2";
			developmentRegion = English;
			hasScannedForEncodings = 0;
			knownRegions = (
				en,
				Base,
			);
			mainGroup = F8A360351A06F9A6001B6E9B;
			productRefGroup = F8A3603F1A06F9A6001B6E9B /* Products */;
			projectDirPath = "";
			projectRoot = "";
			targets = (
				F8A3603D1A06F9A6001B6E9B /* PhotoTravel */,
				F8A360591A06F9A6001B6E9B /* PhotoTravelTests */,
			);
		};
/* End PBXProject section */

/* Begin PBXResourcesBuildPhase section */
		F8A3603C1A06F9A6001B6E9B /* Resources */ = {
			isa = PBXResourcesBuildPhase;
			buildActionMask = 2147483647;
			files = (
				F8A360501A06F9A6001B6E9B /* Main.storyboard in Resources */,
				F8A360551A06F9A6001B6E9B /* LaunchScreen.xib in Resources */,
				F8A360521A06F9A6001B6E9B /* Images.xcassets in Resources */,
			);
			runOnlyForDeploymentPostprocessing = 0;
		};
		F8A360581A06F9A6001B6E9B /* Resources */ = {
			isa = PBXResourcesBuildPhase;
			buildActionMask = 2147483647;
			files = (
			);
			runOnlyForDeploymentPostprocessing = 0;
		};
/* End PBXResourcesBuildPhase section */

/* Begin PBXSourcesBuildPhase section */
		F8A3603A1A06F9A6001B6E9B /* Sources */ = {
			isa = PBXSourcesBuildPhase;
			buildActionMask = 2147483647;
			files = (
				F8A360471A06F9A6001B6E9B /* AppDelegate.m in Sources */,
				F8A3604A1A06F9A6001B6E9B /* MasterViewController.m in Sources */,
				F8A360441A06F9A6001B6E9B /* main.m in Sources */,
				F8A3604D1A06F9A6001B6E9B /* DetailViewController.m in Sources */,
			);
			runOnlyForDeploymentPostprocessing = 0;
		};
		F8A360561A06F9A6001B6E9B /* Sources */ = {
			isa = PBXSourcesBuildPhase;
			buildActionMask = 2147483647;
			files = (
				F8A360611A06F9A6001B6E9B /* PhotoTravelTests.m in Sources */,
			);
			runOnlyForDeploymentPostprocessing = 0;
		};
/* End PBXSourcesBuildPhase section */

/* Begin PBXTargetDependency section */
		F8A3605C1A06F9A6001B6E9B /* PBXTargetDependency */ = {
			isa = PBXTargetDependency;
			target = F8A3603D1A06F9A6001B6E9B /* PhotoTravel */;
			targetProxy = F8A3605B1A06F9A6001B6E9B /* PBXContainerItemProxy */;
		};
/* End PBXTargetDependency section */

/* Begin PBXVariantGroup section */
		F8A3604E1A06F9A6001B6E9B /* Main.storyboard */ = {
			isa = PBXVariantGroup;
			children = (
				F8A3604F1A06F9A6001B6E9B /* Base */,
			);
			name = Main.storyboard;
			sourceTree = "<group>";
		};
		F8A360531A06F9A6001B6E9B /* LaunchScreen.xib */ = {
			isa = PBXVariantGroup;
			children = (
				F8A360541A06F9A6001B6E9B /* Base */,
			);
			name = LaunchScreen.xib;
			sourceTree = "<group>";
		};
/* End PBXVariantGroup section */

/* Begin XCBuildConfiguration section */
		F8A360621A06F9A6001B6E9B /* Debug */ = {
			isa = XCBuildConfiguration;
			buildSettings = {
				ALWAYS_SEARCH_USER_PATHS = NO;
				CLANG_CXX_LANGUAGE_STANDARD = "gnu++0x";
				CLANG_CXX_LIBRARY = "libc++";
				CLANG_ENABLE_MODULES = YES;
				CLANG_ENABLE_OBJC_ARC = YES;
				CLANG_WARN_BOOL_CONVERSION = YES;
				CLANG_WARN_CONSTANT_CONVERSION = YES;
				CLANG_WARN_DIRECT_OBJC_ISA_USAGE = YES_ERROR;
				CLANG_WARN_EMPTY_BODY = YES;
				CLANG_WARN_ENUM_CONVERSION = YES;
				CLANG_WARN_INT_CONVERSION = YES;
				CLANG_WARN_OBJC_ROOT_CLASS = YES_ERROR;
				CLANG_WARN_UNREACHABLE_CODE = YES;
				CLANG_WARN__DUPLICATE_METHOD_MATCH = YES;
				"CODE_SIGN_IDENTITY[sdk=iphoneos*]" = "iPhone Developer";
				COPY_PHASE_STRIP = NO;
				ENABLE_STRICT_OBJC_MSGSEND = YES;
				GCC_C_LANGUAGE_STANDARD = gnu99;
				GCC_DYNAMIC_NO_PIC = NO;
				GCC_OPTIMIZATION_LEVEL = 0;
				GCC_PREPROCESSOR_DEFINITIONS = (
					"DEBUG=1",
					"$(inherited)",
				);
				GCC_SYMBOLS_PRIVATE_EXTERN = NO;
				GCC_WARN_64_TO_32_BIT_CONVERSION = YES;
				GCC_WARN_ABOUT_RETURN_TYPE = YES_ERROR;
				GCC_WARN_UNDECLARED_SELECTOR = YES;
				GCC_WARN_UNINITIALIZED_AUTOS = YES_AGGRESSIVE;
				GCC_WARN_UNUSED_FUNCTION = YES;
				GCC_WARN_UNUSED_VARIABLE = YES;
				IPHONEOS_DEPLOYMENT_TARGET = 8.1;
				MTL_ENABLE_DEBUG_INFO = YES;
				ONLY_ACTIVE_ARCH = YES;
				SDKROOT = iphoneos;
				TARGETED_DEVICE_FAMILY = "1,2";
			};
			name = Debug;
		};
		F8A360631A06F9A6001B6E9B /* Release */ = {
			isa = XCBuildConfiguration;
			buildSettings = {
				ALWAYS_SEARCH_USER_PATHS = NO;
				CLANG_CXX_LANGUAGE_STANDARD = "gnu++0x";
				CLANG_CXX_LIBRARY = "libc++";
				CLANG_ENABLE_MODULES = YES;
				CLANG_ENABLE_OBJC_ARC = YES;
				CLANG_WARN_BOOL_CONVERSION = YES;
				CLANG_WARN_CONSTANT_CONVERSION = YES;
				CLANG_WARN_DIRECT_OBJC_ISA_USAGE = YES_ERROR;
				CLANG_WARN_EMPTY_BODY = YES;
				CLANG_WARN_ENUM_CONVERSION = YES;
				CLANG_WARN_INT_CONVERSION = YES;
				CLANG_WARN_OBJC_ROOT_CLASS = YES_ERROR;
				CLANG_WARN_UNREACHABLE_CODE = YES;
				CLANG_WARN__DUPLICATE_METHOD_MATCH = YES;
				"CODE_SIGN_IDENTITY[sdk=iphoneos*]" = "iPhone Developer";
				COPY_PHASE_STRIP = YES;
				ENABLE_NS_ASSERTIONS = NO;
				ENABLE_STRICT_OBJC_MSGSEND = YES;
				GCC_C_LANGUAGE_STANDARD = gnu99;
				GCC_WARN_64_TO_32_BIT_CONVERSION = YES;
				GCC_WARN_ABOUT_RETURN_TYPE = YES_ERROR;
				GCC_WARN_UNDECLARED_SELECTOR = YES;
				GCC_WARN_UNINITIALIZED_AUTOS = YES_AGGRESSIVE;
				GCC_WARN_UNUSED_FUNCTION = YES;
				GCC_WARN_UNUSED_VARIABLE = YES;
				IPHONEOS_DEPLOYMENT_TARGET = 8.1;
				MTL_ENABLE_DEBUG_INFO = NO;
				SDKROOT = iphoneos;
				TARGETED_DEVICE_FAMILY = "1,2";
				VALIDATE_PRODUCT = YES;
			};
			name = Release;
		};
		F8A360651A06F9A6001B6E9B /* Debug */ = {
			isa = XCBuildConfiguration;
			buildSettings = {
				ASSETCATALOG_COMPILER_APPICON_NAME = AppIcon;
				INFOPLIST_FILE = PhotoTravel/Info.plist;
				LD_RUNPATH_SEARCH_PATHS = "$(inherited) @executable_path/Frameworks";
				PRODUCT_NAME = "$(TARGET_NAME)";
			};
			name = Debug;
		};
		F8A360661A06F9A6001B6E9B /* Release */ = {
			isa = XCBuildConfiguration;
			buildSettings = {
				ASSETCATALOG_COMPILER_APPICON_NAME = AppIcon;
				INFOPLIST_FILE = PhotoTravel/Info.plist;
				LD_RUNPATH_SEARCH_PATHS = "$(inherited) @executable_path/Frameworks";
				PRODUCT_NAME = "$(TARGET_NAME)";
			};
			name = Release;
		};
		F8A360681A06F9A6001B6E9B /* Debug */ = {
			isa = XCBuildConfiguration;
			buildSettings = {
				BUNDLE_LOADER = "$(TEST_HOST)";
				FRAMEWORK_SEARCH_PATHS = (
					"$(SDKROOT)/Developer/Library/Frameworks",
					"$(inherited)",
				);
				GCC_PREPROCESSOR_DEFINITIONS = (
					"DEBUG=1",
					"$(inherited)",
				);
				INFOPLIST_FILE = PhotoTravelTests/Info.plist;
				LD_RUNPATH_SEARCH_PATHS = "$(inherited) @executable_path/Frameworks @loader_path/Frameworks";
				PRODUCT_NAME = "$(TARGET_NAME)";
				TEST_HOST = "$(BUILT_PRODUCTS_DIR)/PhotoTravel.app/PhotoTravel";
			};
			name = Debug;
		};
		F8A360691A06F9A6001B6E9B /* Release */ = {
			isa = XCBuildConfiguration;
			buildSettings = {
				BUNDLE_LOADER = "$(TEST_HOST)";
				FRAMEWORK_SEARCH_PATHS = (
					"$(SDKROOT)/Developer/Library/Frameworks",
					"$(inherited)",
				);
				INFOPLIST_FILE = PhotoTravelTests/Info.plist;
				LD_RUNPATH_SEARCH_PATHS = "$(inherited) @executable_path/Frameworks @loader_path/Frameworks";
				PRODUCT_NAME = "$(TARGET_NAME)";
				TEST_HOST = "$(BUILT_PRODUCTS_DIR)/PhotoTravel.app/PhotoTravel";
			};
			name = Release;
		};
/* End XCBuildConfiguration section */

/* Begin XCConfigurationList section */
		F8A360391A06F9A6001B6E9B /* Build configuration list for PBXProject "PhotoTravel" */ = {
			isa = XCConfigurationList;
			buildConfigurations = (
				F8A360621A06F9A6001B6E9B /* Debug */,
				F8A360631A06F9A6001B6E9B /* Release */,
			);
			defaultConfigurationIsVisible = 0;
			defaultConfigurationName = Release;
		};
		F8A360641A06F9A6001B6E9B /* Build configuration list for PBXNativeTarget "PhotoTravel" */ = {
			isa = XCConfigurationList;
			buildConfigurations = (
				F8A360651A06F9A6001B6E9B /* Debug */,
				F8A360661A06F9A6001B6E9B /* Release */,
			);
			defaultConfigurationIsVisible = 0;
		};
		F8A360671A06F9A6001B6E9B /* Build configuration list for PBXNativeTarget "PhotoTravelTests" */ = {
			isa = XCConfigurationList;
			buildConfigurations = (
				F8A360681A06F9A6001B6E9B /* Debug */,
				F8A360691A06F9A6001B6E9B /* Release */,
			);
			defaultConfigurationIsVisible = 0;
		};
/* End XCConfigurationList section */
	};
	rootObject = F8A360361A06F9A6001B6E9B /* Project object */;
}
